
Microsoft Visual Studio Solution File, Format Version 12.00
# Visual Studio Version 16
VisualStudioVersion = 16.0.31515.178
MinimumVisualStudioVersion = 10.0.40219.1
Project("{888888A0-9F3D-457C-B088-3A5042F75D52}") = "Temperature Conversion HNA", "Temperature Conversion HNA.pyproj", "{DC69E2FC-D070-41CE-9530-E67659414929}"
EndProject
Global
	GlobalSection(SolutionConfigurationPlatforms) = preSolution
		Debug|Any CPU = Debug|Any CPU
		Release|Any CPU = Release|Any CPU
	EndGlobalSection
	GlobalSection(ProjectConfigurationPlatforms) = postSolution
		{DC69E2FC-D070-41CE-9530-E67659414929}.Debug|Any CPU.ActiveCfg = Debug|Any CPU
		{DC69E2FC-D070-41CE-9530-E67659414929}.Release|Any CPU.ActiveCfg = Release|Any CPU
	EndGlobalSection
	GlobalSection(SolutionProperties) = preSolution
		HideSolutionNode = FALSE
	EndGlobalSection
	GlobalSection(ExtensibilityGlobals) = postSolution
		SolutionGuid = {61504AF5-246F-4D0C-8338-983BEF484A6D}
	EndGlobalSection
EndGlobal
